// !$*UTF8*$!
{
	archiveVersion = 1;
	classes = {
	};
	objectVersion = 50;
	objects = {

/* Begin PBXBuildFile section */
		4E1172A722283E6E002B8834 /* AppDelegate.swift in Sources */ = {isa = PBXBuildFile; fileRef = 4E1172A622283E6E002B8834 /* AppDelegate.swift */; };
		4E1172A922283E6E002B8834 /* UsersTableViewController.swift in Sources */ = {isa = PBXBuildFile; fileRef = 4E1172A822283E6E002B8834 /* UsersTableViewController.swift */; };
		4E1172AE22283E70002B8834 /* Assets.xcassets in Resources */ = {isa = PBXBuildFile; fileRef = 4E1172AD22283E70002B8834 /* Assets.xcassets */; };
		4E1172B122283E70002B8834 /* LaunchScreen.storyboard in Resources */ = {isa = PBXBuildFile; fileRef = 4E1172AF22283E70002B8834 /* LaunchScreen.storyboard */; };
		4E1172D82228402E002B8834 /* UserModelItem.swift in Sources */ = {isa = PBXBuildFile; fileRef = 4E1172D72228402E002B8834 /* UserModelItem.swift */; };
		4E1172DA222841A0002B8834 /* UserTableViewCell.swift in Sources */ = {isa = PBXBuildFile; fileRef = 4E1172D9222841A0002B8834 /* UserTableViewCell.swift */; };
		4E1172DE2228440B002B8834 /* UsersTableViewController.storyboard in Resources */ = {isa = PBXBuildFile; fileRef = 4E1172DD2228440B002B8834 /* UsersTableViewController.storyboard */; };
		4E1172E022284735002B8834 /* UserDataModel.swift in Sources */ = {isa = PBXBuildFile; fileRef = 4E1172DF22284735002B8834 /* UserDataModel.swift */; };
		4E1172E2222850CE002B8834 /* UserTableViewCell.xib in Resources */ = {isa = PBXBuildFile; fileRef = 4E1172E1222850CE002B8834 /* UserTableViewCell.xib */; };
		4E1172E52230260C002B8834 /* JSONParsing.swift in Sources */ = {isa = PBXBuildFile; fileRef = 4E1172E42230260C002B8834 /* JSONParsing.swift */; };
		4E21D69522305612007D707E /* UserDetailsViewController.swift in Sources */ = {isa = PBXBuildFile; fileRef = 4E21D69422305612007D707E /* UserDetailsViewController.swift */; };
		4E21D69722306AA9007D707E /* UserDetailView.swift in Sources */ = {isa = PBXBuildFile; fileRef = 4E21D69622306AA9007D707E /* UserDetailView.swift */; };
		4ECDE6712230437D0021677B /* UserDetailsViewController.storyboard in Resources */ = {isa = PBXBuildFile; fileRef = 4ECDE6702230437D0021677B /* UserDetailsViewController.storyboard */; };
/* End PBXBuildFile section */

/* Begin PBXContainerItemProxy section */
		4E1172B822283E70002B8834 /* PBXContainerItemProxy */ = {
			isa = PBXContainerItemProxy;
			containerPortal = 4E11729B22283E6E002B8834 /* Project object */;
			proxyType = 1;
			remoteGlobalIDString = 4E1172A222283E6E002B8834;
			remoteInfo = TestIOS;
		};
		4E1172C322283E70002B8834 /* PBXContainerItemProxy */ = {
			isa = PBXContainerItemProxy;
			containerPortal = 4E11729B22283E6E002B8834 /* Project object */;
			proxyType = 1;
			remoteGlobalIDString = 4E1172A222283E6E002B8834;
			remoteInfo = TestIOS;
		};
/* End PBXContainerItemProxy section */

/* Begin PBXFileReference section */
		4E1172A322283E6E002B8834 /* TestIOS.app */ = {isa = PBXFileReference; explicitFileType = wrapper.application; includeInIndex = 0; path = TestIOS.app; sourceTree = BUILT_PRODUCTS_DIR; };
		4E1172A622283E6E002B8834 /* AppDelegate.swift */ = {isa = PBXFileReference; lastKnownFileType = sourcecode.swift; path = AppDelegate.swift; sourceTree = "<group>"; };
		4E1172A822283E6E002B8834 /* UsersTableViewController.swift */ = {isa = PBXFileReference; lastKnownFileType = sourcecode.swift; path = UsersTableViewController.swift; sourceTree = "<group>"; };
		4E1172AD22283E70002B8834 /* Assets.xcassets */ = {isa = PBXFileReference; lastKnownFileType = folder.assetcatalog; path = Assets.xcassets; sourceTree = "<group>"; };
		4E1172B022283E70002B8834 /* Base */ = {isa = PBXFileReference; lastKnownFileType = file.storyboard; name = Base; path = Base.lproj/LaunchScreen.storyboard; sourceTree = "<group>"; };
		4E1172B222283E70002B8834 /* Info.plist */ = {isa = PBXFileReference; lastKnownFileType = text.plist.xml; path = Info.plist; sourceTree = "<group>"; };
		4E1172B722283E70002B8834 /* TestIOSTests.xctest */ = {isa = PBXFileReference; explicitFileType = wrapper.cfbundle; includeInIndex = 0; path = TestIOSTests.xctest; sourceTree = BUILT_PRODUCTS_DIR; };
		4E1172C222283E70002B8834 /* TestIOSUITests.xctest */ = {isa = PBXFileReference; explicitFileType = wrapper.cfbundle; includeInIndex = 0; path = TestIOSUITests.xctest; sourceTree = BUILT_PRODUCTS_DIR; };
		4E1172D72228402E002B8834 /* UserModelItem.swift */ = {isa = PBXFileReference; lastKnownFileType = sourcecode.swift; path = UserModelItem.swift; sourceTree = "<group>"; };
		4E1172D9222841A0002B8834 /* UserTableViewCell.swift */ = {isa = PBXFileReference; lastKnownFileType = sourcecode.swift; path = UserTableViewCell.swift; sourceTree = "<group>"; };
		4E1172DD2228440B002B8834 /* UsersTableViewController.storyboard */ = {isa = PBXFileReference; lastKnownFileType = file.storyboard; path = UsersTableViewController.storyboard; sourceTree = "<group>"; };
		4E1172DF22284735002B8834 /* UserDataModel.swift */ = {isa = PBXFileReference; lastKnownFileType = sourcecode.swift; path = UserDataModel.swift; sourceTree = "<group>"; };
		4E1172E1222850CE002B8834 /* UserTableViewCell.xib */ = {isa = PBXFileReference; lastKnownFileType = file.xib; path = UserTableViewCell.xib; sourceTree = "<group>"; };
		4E1172E42230260C002B8834 /* JSONParsing.swift */ = {isa = PBXFileReference; lastKnownFileType = sourcecode.swift; path = JSONParsing.swift; sourceTree = "<group>"; };
		4E21D69422305612007D707E /* UserDetailsViewController.swift */ = {isa = PBXFileReference; lastKnownFileType = sourcecode.swift; path = UserDetailsViewController.swift; sourceTree = "<group>"; };
		4E21D69622306AA9007D707E /* UserDetailView.swift */ = {isa = PBXFileReference; lastKnownFileType = sourcecode.swift; path = UserDetailView.swift; sourceTree = "<group>"; };
		4ECDE6702230437D0021677B /* UserDetailsViewController.storyboard */ = {isa = PBXFileReference; lastKnownFileType = file.storyboard; path = UserDetailsViewController.storyboard; sourceTree = "<group>"; };
/* End PBXFileReference section */

/* Begin PBXFrameworksBuildPhase section */
		4E1172A022283E6E002B8834 /* Frameworks */ = {
			isa = PBXFrameworksBuildPhase;
			buildActionMask = 2147483647;
			files = (
			);
			runOnlyForDeploymentPostprocessing = 0;
		};
		4E1172B422283E70002B8834 /* Frameworks */ = {
			isa = PBXFrameworksBuildPhase;
			buildActionMask = 2147483647;
			files = (
			);
			runOnlyForDeploymentPostprocessing = 0;
		};
		4E1172BF22283E70002B8834 /* Frameworks */ = {
			isa = PBXFrameworksBuildPhase;
			buildActionMask = 2147483647;
			files = (
			);
			runOnlyForDeploymentPostprocessing = 0;
		};
/* End PBXFrameworksBuildPhase section */

/* Begin PBXGroup section */
		4E11729A22283E6E002B8834 = {
			isa = PBXGroup;
			children = (
				4E1172A522283E6E002B8834 /* TestIOS */,
				4E1172A422283E6E002B8834 /* Products */,
			);
			sourceTree = "<group>";
		};
		4E1172A422283E6E002B8834 /* Products */ = {
			isa = PBXGroup;
			children = (
				4E1172A322283E6E002B8834 /* TestIOS.app */,
				4E1172B722283E70002B8834 /* TestIOSTests.xctest */,
				4E1172C222283E70002B8834 /* TestIOSUITests.xctest */,
			);
			name = Products;
			sourceTree = "<group>";
		};
		4E1172A522283E6E002B8834 /* TestIOS */ = {
			isa = PBXGroup;
			children = (
				4E1172E3223025F9002B8834 /* Helper */,
				4E1172D622283F8B002B8834 /* ViewControllers */,
				4E1172D522283F84002B8834 /* Views */,
				4E1172D422283F79002B8834 /* Models */,
				4E1172DC222843BA002B8834 /* Storyboard */,
				4E1172A622283E6E002B8834 /* AppDelegate.swift */,
				4E1172AD22283E70002B8834 /* Assets.xcassets */,
				4E1172AF22283E70002B8834 /* LaunchScreen.storyboard */,
				4E1172B222283E70002B8834 /* Info.plist */,
			);
			path = TestIOS;
			sourceTree = "<group>";
		};
		4E1172D422283F79002B8834 /* Models */ = {
			isa = PBXGroup;
			children = (
				4E1172D72228402E002B8834 /* UserModelItem.swift */,
				4E1172DF22284735002B8834 /* UserDataModel.swift */,
			);
			name = Models;
			sourceTree = "<group>";
		};
		4E1172D522283F84002B8834 /* Views */ = {
			isa = PBXGroup;
			children = (
				4E1172D9222841A0002B8834 /* UserTableViewCell.swift */,
				4E21D69622306AA9007D707E /* UserDetailView.swift */,
			);
			path = Views;
			sourceTree = "<group>";
		};
		4E1172D622283F8B002B8834 /* ViewControllers */ = {
			isa = PBXGroup;
			children = (
				4E1172A822283E6E002B8834 /* UsersTableViewController.swift */,
				4E21D69422305612007D707E /* UserDetailsViewController.swift */,
			);
			name = ViewControllers;
			sourceTree = "<group>";
		};
		4E1172DC222843BA002B8834 /* Storyboard */ = {
			isa = PBXGroup;
			children = (
				4E1172DD2228440B002B8834 /* UsersTableViewController.storyboard */,
				4E1172E1222850CE002B8834 /* UserTableViewCell.xib */,
				4ECDE6702230437D0021677B /* UserDetailsViewController.storyboard */,
			);
			path = Storyboard;
			sourceTree = "<group>";
		};
		4E1172E3223025F9002B8834 /* Helper */ = {
			isa = PBXGroup;
			children = (
				4E1172E42230260C002B8834 /* JSONParsing.swift */,
			);
			path = Helper;
			sourceTree = "<group>";
		};
/* End PBXGroup section */

/* Begin PBXNativeTarget section */
		4E1172A222283E6E002B8834 /* TestIOS */ = {
			isa = PBXNativeTarget;
			buildConfigurationList = 4E1172CB22283E70002B8834 /* Build configuration list for PBXNativeTarget "TestIOS" */;
			buildPhases = (
				4E11729F22283E6E002B8834 /* Sources */,
				4E1172A022283E6E002B8834 /* Frameworks */,
				4E1172A122283E6E002B8834 /* Resources */,
			);
			buildRules = (
			);
			dependencies = (
			);
			name = TestIOS;
			productName = TestIOS;
			productReference = 4E1172A322283E6E002B8834 /* TestIOS.app */;
			productType = "com.apple.product-type.application";
		};
		4E1172B622283E70002B8834 /* TestIOSTests */ = {
			isa = PBXNativeTarget;
			buildConfigurationList = 4E1172CE22283E70002B8834 /* Build configuration list for PBXNativeTarget "TestIOSTests" */;
			buildPhases = (
				4E1172B322283E70002B8834 /* Sources */,
				4E1172B422283E70002B8834 /* Frameworks */,
				4E1172B522283E70002B8834 /* Resources */,
			);
			buildRules = (
			);
			dependencies = (
				4E1172B922283E70002B8834 /* PBXTargetDependency */,
			);
			name = TestIOSTests;
			productName = TestIOSTests;
			productReference = 4E1172B722283E70002B8834 /* TestIOSTests.xctest */;
			productType = "com.apple.product-type.bundle.unit-test";
		};
		4E1172C122283E70002B8834 /* TestIOSUITests */ = {
			isa = PBXNativeTarget;
			buildConfigurationList = 4E1172D122283E70002B8834 /* Build configuration list for PBXNativeTarget "TestIOSUITests" */;
			buildPhases = (
				4E1172BE22283E70002B8834 /* Sources */,
				4E1172BF22283E70002B8834 /* Frameworks */,
				4E1172C022283E70002B8834 /* Resources */,
			);
			buildRules = (
			);
			dependencies = (
				4E1172C422283E70002B8834 /* PBXTargetDependency */,
			);
			name = TestIOSUITests;
			productName = TestIOSUITests;
			productReference = 4E1172C222283E70002B8834 /* TestIOSUITests.xctest */;
			productType = "com.apple.product-type.bundle.ui-testing";
		};
/* End PBXNativeTarget section */

/* Begin PBXProject section */
		4E11729B22283E6E002B8834 /* Project object */ = {
			isa = PBXProject;
			attributes = {
				LastSwiftUpdateCheck = 1010;
				LastUpgradeCheck = 1010;
				ORGANIZATIONNAME = "Arnaud Thomazo";
				TargetAttributes = {
					4E1172A222283E6E002B8834 = {
						CreatedOnToolsVersion = 10.1;
					};
					4E1172B622283E70002B8834 = {
						CreatedOnToolsVersion = 10.1;
						TestTargetID = 4E1172A222283E6E002B8834;
					};
					4E1172C122283E70002B8834 = {
						CreatedOnToolsVersion = 10.1;
						TestTargetID = 4E1172A222283E6E002B8834;
					};
				};
			};
			buildConfigurationList = 4E11729E22283E6E002B8834 /* Build configuration list for PBXProject "TestIOS" */;
			compatibilityVersion = "Xcode 9.3";
			developmentRegion = en;
			hasScannedForEncodings = 0;
			knownRegions = (
				en,
				Base,
			);
			mainGroup = 4E11729A22283E6E002B8834;
			productRefGroup = 4E1172A422283E6E002B8834 /* Products */;
			projectDirPath = "";
			projectRoot = "";
			targets = (
				4E1172A222283E6E002B8834 /* TestIOS */,
				4E1172B622283E70002B8834 /* TestIOSTests */,
				4E1172C122283E70002B8834 /* TestIOSUITests */,
			);
		};
/* End PBXProject section */

/* Begin PBXResourcesBuildPhase section */
		4E1172A122283E6E002B8834 /* Resources */ = {
			isa = PBXResourcesBuildPhase;
			buildActionMask = 2147483647;
			files = (
				4E1172B122283E70002B8834 /* LaunchScreen.storyboard in Resources */,
				4E1172AE22283E70002B8834 /* Assets.xcassets in Resources */,
				4E1172DE2228440B002B8834 /* UsersTableViewController.storyboard in Resources */,
				4E1172E2222850CE002B8834 /* UserTableViewCell.xib in Resources */,
				4ECDE6712230437D0021677B /* UserDetailsViewController.storyboard in Resources */,
			);
			runOnlyForDeploymentPostprocessing = 0;
		};
		4E1172B522283E70002B8834 /* Resources */ = {
			isa = PBXResourcesBuildPhase;
			buildActionMask = 2147483647;
			files = (
			);
			runOnlyForDeploymentPostprocessing = 0;
		};
		4E1172C022283E70002B8834 /* Resources */ = {
			isa = PBXResourcesBuildPhase;
			buildActionMask = 2147483647;
			files = (
			);
			runOnlyForDeploymentPostprocessing = 0;
		};
/* End PBXResourcesBuildPhase section */

/* Begin PBXSourcesBuildPhase section */
		4E11729F22283E6E002B8834 /* Sources */ = {
			isa = PBXSourcesBuildPhase;
			buildActionMask = 2147483647;
			files = (
				4E1172E52230260C002B8834 /* JSONParsing.swift in Sources */,
				4E1172DA222841A0002B8834 /* UserTableViewCell.swift in Sources */,
				4E1172A922283E6E002B8834 /* UsersTableViewController.swift in Sources */,
				4E1172E022284735002B8834 /* UserDataModel.swift in Sources */,
				4E21D69722306AA9007D707E /* UserDetailView.swift in Sources */,
				4E21D69522305612007D707E /* UserDetailsViewController.swift in Sources */,
				4E1172D82228402E002B8834 /* UserModelItem.swift in Sources */,
				4E1172A722283E6E002B8834 /* AppDelegate.swift in Sources */,
			);
			runOnlyForDeploymentPostprocessing = 0;
		};
		4E1172B322283E70002B8834 /* Sources */ = {
			isa = PBXSourcesBuildPhase;
			buildActionMask = 2147483647;
			files = (
			);
			runOnlyForDeploymentPostprocessing = 0;
		};
		4E1172BE22283E70002B8834 /* Sources */ = {
			isa = PBXSourcesBuildPhase;
			buildActionMask = 2147483647;
			files = (
			);
			runOnlyForDeploymentPostprocessing = 0;
		};
/* End PBXSourcesBuildPhase section */

/* Begin PBXTargetDependency section */
		4E1172B922283E70002B8834 /* PBXTargetDependency */ = {
			isa = PBXTargetDependency;
			target = 4E1172A222283E6E002B8834 /* TestIOS */;
			targetProxy = 4E1172B822283E70002B8834 /* PBXContainerItemProxy */;
		};
		4E1172C422283E70002B8834 /* PBXTargetDependency */ = {
			isa = PBXTargetDependency;
			target = 4E1172A222283E6E002B8834 /* TestIOS */;
			targetProxy = 4E1172C322283E70002B8834 /* PBXContainerItemProxy */;
		};
/* End PBXTargetDependency section */

/* Begin PBXVariantGroup section */
		4E1172AF22283E70002B8834 /* LaunchScreen.storyboard */ = {
			isa = PBXVariantGroup;
			children = (
				4E1172B022283E70002B8834 /* Base */,
			);
			name = LaunchScreen.storyboard;
			sourceTree = "<group>";
		};
/* End PBXVariantGroup section */

/* Begin XCBuildConfiguration section */
		4E1172C922283E70002B8834 /* Debug */ = {
			isa = XCBuildConfiguration;
			buildSettings = {
				ALWAYS_SEARCH_USER_PATHS = NO;
				CLANG_ANALYZER_NONNULL = YES;
				CLANG_ANALYZER_NUMBER_OBJECT_CONVERSION = YES_AGGRESSIVE;
				CLANG_CXX_LANGUAGE_STANDARD = "gnu++14";
				CLANG_CXX_LIBRARY = "libc++";
				CLANG_ENABLE_MODULES = YES;
				CLANG_ENABLE_OBJC_ARC = YES;
				CLANG_ENABLE_OBJC_WEAK = YES;
				CLANG_WARN_BLOCK_CAPTURE_AUTORELEASING = YES;
				CLANG_WARN_BOOL_CONVERSION = YES;
				CLANG_WARN_COMMA = YES;
				CLANG_WARN_CONSTANT_CONVERSION = YES;
				CLANG_WARN_DEPRECATED_OBJC_IMPLEMENTATIONS = YES;
				CLANG_WARN_DIRECT_OBJC_ISA_USAGE = YES_ERROR;
				CLANG_WARN_DOCUMENTATION_COMMENTS = YES;
				CLANG_WARN_EMPTY_BODY = YES;
				CLANG_WARN_ENUM_CONVERSION = YES;
				CLANG_WARN_INFINITE_RECURSION = YES;
				CLANG_WARN_INT_CONVERSION = YES;
				CLANG_WARN_NON_LITERAL_NULL_CONVERSION = YES;
				CLANG_WARN_OBJC_IMPLICIT_RETAIN_SELF = YES;
				CLANG_WARN_OBJC_LITERAL_CONVERSION = YES;
				CLANG_WARN_OBJC_ROOT_CLASS = YES_ERROR;
				CLANG_WARN_RANGE_LOOP_ANALYSIS = YES;
				CLANG_WARN_STRICT_PROTOTYPES = YES;
				CLANG_WARN_SUSPICIOUS_MOVE = YES;
				CLANG_WARN_UNGUARDED_AVAILABILITY = YES_AGGRESSIVE;
				CLANG_WARN_UNREACHABLE_CODE = YES;
				CLANG_WARN__DUPLICATE_METHOD_MATCH = YES;
				CODE_SIGN_IDENTITY = "iPhone Developer";
				COPY_PHASE_STRIP = NO;
				DEBUG_INFORMATION_FORMAT = dwarf;
				ENABLE_STRICT_OBJC_MSGSEND = YES;
				ENABLE_TESTABILITY = YES;
				GCC_C_LANGUAGE_STANDARD = gnu11;
				GCC_DYNAMIC_NO_PIC = NO;
				GCC_NO_COMMON_BLOCKS = YES;
				GCC_OPTIMIZATION_LEVEL = 0;
				GCC_PREPROCESSOR_DEFINITIONS = (
					"DEBUG=1",
					"$(inherited)",
				);
				GCC_WARN_64_TO_32_BIT_CONVERSION = YES;
				GCC_WARN_ABOUT_RETURN_TYPE = YES_ERROR;
				GCC_WARN_UNDECLARED_SELECTOR = YES;
				GCC_WARN_UNINITIALIZED_AUTOS = YES_AGGRESSIVE;
				GCC_WARN_UNUSED_FUNCTION = YES;
				GCC_WARN_UNUSED_VARIABLE = YES;
				IPHONEOS_DEPLOYMENT_TARGET = 12.1;
				MTL_ENABLE_DEBUG_INFO = INCLUDE_SOURCE;
				MTL_FAST_MATH = YES;
				ONLY_ACTIVE_ARCH = YES;
				SDKROOT = iphoneos;
				SWIFT_ACTIVE_COMPILATION_CONDITIONS = DEBUG;
				SWIFT_OPTIMIZATION_LEVEL = "-Onone";
			};
			name = Debug;
		};
		4E1172CA22283E70002B8834 /* Release */ = {
			isa = XCBuildConfiguration;
			buildSettings = {
				ALWAYS_SEARCH_USER_PATHS = NO;
				CLANG_ANALYZER_NONNULL = YES;
				CLANG_ANALYZER_NUMBER_OBJECT_CONVERSION = YES_AGGRESSIVE;
				CLANG_CXX_LANGUAGE_STANDARD = "gnu++14";
				CLANG_CXX_LIBRARY = "libc++";
				CLANG_ENABLE_MODULES = YES;
				CLANG_ENABLE_OBJC_ARC = YES;
				CLANG_ENABLE_OBJC_WEAK = YES;
				CLANG_WARN_BLOCK_CAPTURE_AUTORELEASING = YES;
				CLANG_WARN_BOOL_CONVERSION = YES;
				CLANG_WARN_COMMA = YES;
				CLANG_WARN_CONSTANT_CONVERSION = YES;
				CLANG_WARN_DEPRECATED_OBJC_IMPLEMENTATIONS = YES;
				CLANG_WARN_DIRECT_OBJC_ISA_USAGE = YES_ERROR;
				CLANG_WARN_DOCUMENTATION_COMMENTS = YES;
				CLANG_WARN_EMPTY_BODY = YES;
				CLANG_WARN_ENUM_CONVERSION = YES;
				CLANG_WARN_INFINITE_RECURSION = YES;
				CLANG_WARN_INT_CONVERSION = YES;
				CLANG_WARN_NON_LITERAL_NULL_CONVERSION = YES;
				CLANG_WARN_OBJC_IMPLICIT_RETAIN_SELF = YES;
				CLANG_WARN_OBJC_LITERAL_CONVERSION = YES;
				CLANG_WARN_OBJC_ROOT_CLASS = YES_ERROR;
				CLANG_WARN_RANGE_LOOP_ANALYSIS = YES;
				CLANG_WARN_STRICT_PROTOTYPES = YES;
				CLANG_WARN_SUSPICIOUS_MOVE = YES;
				CLANG_WARN_UNGUARDED_AVAILABILITY = YES_AGGRESSIVE;
				CLANG_WARN_UNREACHABLE_CODE = YES;
				CLANG_WARN__DUPLICATE_METHOD_MATCH = YES;
				CODE_SIGN_IDENTITY = "iPhone Developer";
				COPY_PHASE_STRIP = NO;
				DEBUG_INFORMATION_FORMAT = "dwarf-with-dsym";
				ENABLE_NS_ASSERTIONS = NO;
				ENABLE_STRICT_OBJC_MSGSEND = YES;
				GCC_C_LANGUAGE_STANDARD = gnu11;
				GCC_NO_COMMON_BLOCKS = YES;
				GCC_WARN_64_TO_32_BIT_CONVERSION = YES;
				GCC_WARN_ABOUT_RETURN_TYPE = YES_ERROR;
				GCC_WARN_UNDECLARED_SELECTOR = YES;
				GCC_WARN_UNINITIALIZED_AUTOS = YES_AGGRESSIVE;
				GCC_WARN_UNUSED_FUNCTION = YES;
				GCC_WARN_UNUSED_VARIABLE = YES;
				IPHONEOS_DEPLOYMENT_TARGET = 12.1;
				MTL_ENABLE_DEBUG_INFO = NO;
				MTL_FAST_MATH = YES;
				SDKROOT = iphoneos;
				SWIFT_COMPILATION_MODE = wholemodule;
				SWIFT_OPTIMIZATION_LEVEL = "-O";
				VALIDATE_PRODUCT = YES;
			};
			name = Release;
		};
		4E1172CC22283E70002B8834 /* Debug */ = {
			isa = XCBuildConfiguration;
			buildSettings = {
				ASSETCATALOG_COMPILER_APPICON_NAME = AppIcon;
				CODE_SIGN_STYLE = Automatic;
				DEVELOPMENT_TEAM = 2FWS879TW9;
				INFOPLIST_FILE = TestIOS/Info.plist;
				LD_RUNPATH_SEARCH_PATHS = (
					"$(inherited)",
					"@executable_path/Frameworks",
				);
				PRODUCT_BUNDLE_IDENTIFIER = ArnaudT.TestIOS;
				PRODUCT_NAME = "$(TARGET_NAME)";
				SWIFT_VERSION = 4.2;
				TARGETED_DEVICE_FAMILY = "1,2";
			};
			name = Debug;
		};
		4E1172CD22283E70002B8834 /* Release */ = {
			isa = XCBuildConfiguration;
			buildSettings = {
				ASSETCATALOG_COMPILER_APPICON_NAME = AppIcon;
				CODE_SIGN_STYLE = Automatic;
				DEVELOPMENT_TEAM = 2FWS879TW9;
				INFOPLIST_FILE = TestIOS/Info.plist;
				LD_RUNPATH_SEARCH_PATHS = (
					"$(inherited)",
					"@executable_path/Frameworks",
				);
				PRODUCT_BUNDLE_IDENTIFIER = ArnaudT.TestIOS;
				PRODUCT_NAME = "$(TARGET_NAME)";
				SWIFT_VERSION = 4.2;
				TARGETED_DEVICE_FAMILY = "1,2";
			};
			name = Release;
		};
		4E1172CF22283E70002B8834 /* Debug */ = {
			isa = XCBuildConfiguration;
			buildSettings = {
				ALWAYS_EMBED_SWIFT_STANDARD_LIBRARIES = YES;
				BUNDLE_LOADER = "$(TEST_HOST)";
				CODE_SIGN_STYLE = Automatic;
				DEVELOPMENT_TEAM = 2FWS879TW9;
				INFOPLIST_FILE = TestIOSTests/Info.plist;
				LD_RUNPATH_SEARCH_PATHS = (
					"$(inherited)",
					"@executable_path/Frameworks",
					"@loader_path/Frameworks",
				);
				PRODUCT_BUNDLE_IDENTIFIER = ArnaudT.TestIOSTests;
				PRODUCT_NAME = "$(TARGET_NAME)";
				SWIFT_VERSION = 4.2;
				TARGETED_DEVICE_FAMILY = "1,2";
				TEST_HOST = "$(BUILT_PRODUCTS_DIR)/TestIOS.app/TestIOS";
			};
			name = Debug;
		};
		4E1172D022283E70002B8834 /* Release */ = {
			isa = XCBuildConfiguration;
			buildSettings = {
				ALWAYS_EMBED_SWIFT_STANDARD_LIBRARIES = YES;
				BUNDLE_LOADER = "$(TEST_HOST)";
				CODE_SIGN_STYLE = Automatic;
				DEVELOPMENT_TEAM = 2FWS879TW9;
				INFOPLIST_FILE = TestIOSTests/Info.plist;
				LD_RUNPATH_SEARCH_PATHS = (
					"$(inherited)",
					"@executable_path/Frameworks",
					"@loader_path/Frameworks",
				);
				PRODUCT_BUNDLE_IDENTIFIER = ArnaudT.TestIOSTests;
				PRODUCT_NAME = "$(TARGET_NAME)";
				SWIFT_VERSION = 4.2;
				TARGETED_DEVICE_FAMILY = "1,2";
				TEST_HOST = "$(BUILT_PRODUCTS_DIR)/TestIOS.app/TestIOS";
			};
			name = Release;
		};
		4E1172D222283E70002B8834 /* Debug */ = {
			isa = XCBuildConfiguration;
			buildSettings = {
				ALWAYS_EMBED_SWIFT_STANDARD_LIBRARIES = YES;
				CODE_SIGN_STYLE = Automatic;
				DEVELOPMENT_TEAM = 2FWS879TW9;
				INFOPLIST_FILE = TestIOSUITests/Info.plist;
				LD_RUNPATH_SEARCH_PATHS = (
					"$(inherited)",
					"@executable_path/Frameworks",
					"@loader_path/Frameworks",
				);
				PRODUCT_BUNDLE_IDENTIFIER = ArnaudT.TestIOSUITests;
				PRODUCT_NAME = "$(TARGET_NAME)";
				SWIFT_VERSION = 4.2;
				TARGETED_DEVICE_FAMILY = "1,2";
				TEST_TARGET_NAME = TestIOS;
			};
			name = Debug;
		};
		4E1172D322283E70002B8834 /* Release */ = {
			isa = XCBuildConfiguration;
			buildSettings = {
				ALWAYS_EMBED_SWIFT_STANDARD_LIBRARIES = YES;
				CODE_SIGN_STYLE = Automatic;
				DEVELOPMENT_TEAM = 2FWS879TW9;
				INFOPLIST_FILE = TestIOSUITests/Info.plist;
				LD_RUNPATH_SEARCH_PATHS = (
					"$(inherited)",
					"@executable_path/Frameworks",
					"@loader_path/Frameworks",
				);
				PRODUCT_BUNDLE_IDENTIFIER = ArnaudT.TestIOSUITests;
				PRODUCT_NAME = "$(TARGET_NAME)";
				SWIFT_VERSION = 4.2;
				TARGETED_DEVICE_FAMILY = "1,2";
				TEST_TARGET_NAME = TestIOS;
			};
			name = Release;
		};
/* End XCBuildConfiguration section */

/* Begin XCConfigurationList section */
		4E11729E22283E6E002B8834 /* Build configuration list for PBXProject "TestIOS" */ = {
			isa = XCConfigurationList;
			buildConfigurations = (
				4E1172C922283E70002B8834 /* Debug */,
				4E1172CA22283E70002B8834 /* Release */,
			);
			defaultConfigurationIsVisible = 0;
			defaultConfigurationName = Release;
		};
		4E1172CB22283E70002B8834 /* Build configuration list for PBXNativeTarget "TestIOS" */ = {
			isa = XCConfigurationList;
			buildConfigurations = (
				4E1172CC22283E70002B8834 /* Debug */,
				4E1172CD22283E70002B8834 /* Release */,
			);
			defaultConfigurationIsVisible = 0;
			defaultConfigurationName = Release;
		};
		4E1172CE22283E70002B8834 /* Build configuration list for PBXNativeTarget "TestIOSTests" */ = {
			isa = XCConfigurationList;
			buildConfigurations = (
				4E1172CF22283E70002B8834 /* Debug */,
				4E1172D022283E70002B8834 /* Release */,
			);
			defaultConfigurationIsVisible = 0;
			defaultConfigurationName = Release;
		};
		4E1172D122283E70002B8834 /* Build configuration list for PBXNativeTarget "TestIOSUITests" */ = {
			isa = XCConfigurationList;
			buildConfigurations = (
				4E1172D222283E70002B8834 /* Debug */,
				4E1172D322283E70002B8834 /* Release */,
			);
			defaultConfigurationIsVisible = 0;
			defaultConfigurationName = Release;
		};
/* End XCConfigurationList section */
	};
	rootObject = 4E11729B22283E6E002B8834 /* Project object */;
}
